<Solution>
  <Folder Name="/src/">
    <Project Path="src/Foundation/ZEngine.Core/ZEngine.Core.csproj" />
    <Project Path="src/Native/ZEngine.Platform.Abstractions/ZEngine.Platform.Abstractions.csproj" />
    <Project Path="src/Native/ZEngine.Platform.Win32/ZEngine.Platform.Win32.csproj" />
    <Project Path="src/Native/ZEngine.Vulkan.Registry/ZEngine.Vulkan.Registry.csproj" />
    <Project Path="src/Native/ZEngine.Vulkan.RegistryTool/ZEngine.Vulkan.RegistryTool.csproj" />
    <Project Path="src/Native/ZEngine.Vulkan.Raw/ZEngine.Vulkan.Raw.csproj" />
    <Project Path="src/Host/ZEngine.Host/ZEngine.Host.csproj" />
    <Project Path="src/Graphics/ZEngine.Graphics/ZEngine.Graphics.csproj" />
    <Project Path="src/Graphics/ZEngine.Graphics.Vulkan/ZEngine.Graphics.Vulkan.csproj" />
    <Project Path="src/Graphics/ZEngine.RenderGraph/ZEngine.RenderGraph.csproj" />
    <Project Path="src/Ecs/ZEngine.Ecs/ZEngine.Ecs.csproj" />
    <Project Path="src/Jobs/ZEngine.Jobs/ZEngine.Jobs.csproj" />
    <Project Path="src/Generators/ZEngine.Ecs.Generators/ZEngine.Ecs.Generators.csproj" />
    <Project Path="src/Plugins/ZEngine.Plugins.Abstractions/ZEngine.Plugins.Abstractions.csproj" />
    <Project Path="src/Plugins/ZEngine.Plugins.Runtime/ZEngine.Plugins.Runtime.csproj" />
    <Project Path="src/UI/Zui.Core/Zui.Core.csproj" />
    <Project Path="src/UI/Zui.Basic/Zui.Basic.csproj" />
    <Project Path="src/UI/Zui.Backend.Blazor/Zui.Backend.Blazor.csproj" />
    <Project Path="src/UI/Zui.Rendering/Zui.Rendering.csproj" />
    <Project Path="src/UI/Zui.Platform.Windows/Zui.Platform.Windows.csproj" />
    <Project Path="src/UI/Zui.Backend.Vulkan/Zui.Backend.Vulkan.csproj" />
    <Project Path="src/UI/Zui.Sdk/Zui.Sdk.csproj" />
    <Project Path="src/Agent/ZEngine.Agent/ZEngine.Agent.csproj" />
    <Project Path="src/Agent/ZEngine.AgentHost/ZEngine.AgentHost.csproj" />
    <Project Path="src/Assets/ZEngine.Assets/ZEngine.Assets.csproj" />
    <Project Path="src/Assets/ZEngine.AssetImporters/ZEngine.AssetImporters.csproj" />
    <Project Path="src/Editor/ZEngine.Editor/ZEngine.Editor.csproj" />
  </Folder>
  <Folder Name="/samples/">
    <Project Path="samples/HelloZEngine/HelloZEngine.csproj" />
    <Project Path="samples/UiLab.Shared/UiLab.Shared.csproj" />
    <Project Path="samples/UiLab.Web/UiLab.Web.csproj" />
    <Project Path="samples/UiLab.Native/UiLab.Native.csproj" />
    <Project Path="samples/ZEngine.PlayProbe/ZEngine.PlayProbe.csproj" />
    <Project Path="samples/EditorLab.Native/EditorLab.Native.csproj" />
  </Folder>
  <Folder Name="/tests/">
    <Project Path="tests/ZEngine.Vulkan.Registry.Tests/ZEngine.Vulkan.Registry.Tests.csproj" />
    <Project Path="tests/ZEngine.Vulkan.Raw.Tests/ZEngine.Vulkan.Raw.Tests.csproj" />
    <Project Path="tests/ZEngine.Graphics.Vulkan.Tests/ZEngine.Graphics.Vulkan.Tests.csproj" />
    <Project Path="tests/ZEngine.RenderGraph.Tests/ZEngine.RenderGraph.Tests.csproj" />
    <Project Path="tests/ZEngine.Ecs.Tests/ZEngine.Ecs.Tests.csproj" />
    <Project Path="tests/ZEngine.Jobs.Tests/ZEngine.Jobs.Tests.csproj" />
    <Project Path="tests/ZEngine.Ecs.Generators.Tests/ZEngine.Ecs.Generators.Tests.csproj" />
    <Project Path="tests/ZEngine.Plugins.Tests/ZEngine.Plugins.Tests.csproj" />
    <Project Path="tests/ZEngine.UI.Tests/ZEngine.UI.Tests.csproj" />
    <Project Path="tests/ZEngine.Agent.Tests/ZEngine.Agent.Tests.csproj" />
    <Project Path="tests/ZEngine.Assets.Tests/ZEngine.Assets.Tests.csproj" />
    <Project Path="tests/ZEngine.Editor.Tests/ZEngine.Editor.Tests.csproj" />
  </Folder>
  <Folder Name="/tests/fixtures/">
    <Project Path="tests/Fixtures/ZEngine.CounterPlugin.Contracts/ZEngine.CounterPlugin.Contracts.csproj" />
    <Project Path="tests/Fixtures/ZEngine.CounterPlugin.Runtime/ZEngine.CounterPlugin.Runtime.csproj" />
    <Project Path="tests/Fixtures/ZEngine.ChainPlugin.Contracts/ZEngine.ChainPlugin.Contracts.csproj" />
    <Project Path="tests/Fixtures/ZEngine.ChainPlugin.Runtime/ZEngine.ChainPlugin.Runtime.csproj" />
  </Folder>
</Solution>
